<?xml version="1.0" encoding="utf-8"?>
<Project ToolsVersion="4.0" xmlns="http://schemas.microsoft.com/developer/msbuild/2003">
  <ItemGroup>
    <ClCompile Include="AIManager.cpp" />
    <ClCompile Include="PickupItem.cpp" />
    <ClCompile Include="Vehicle.cpp" />
    <ClCompile Include="Waypoint.cpp" />
    <ClCompile Include="DDSTextureLoader.cpp">
      <Filter>Core %28do not edit%29</Filter>
    </ClCompile>
    <ClCompile Include="Background.cpp">
      <Filter>Core %28do not edit%29</Filter>
    </ClCompile>
    <ClCompile Include="WaypointManager.cpp" />
    <ClCompile Include="DrawableGameObject.cpp">
      <Filter>Core %28do not edit%29</Filter>
    </ClCompile>
    <ClCompile Include="main.cpp">
      <Filter>Core %28do not edit%29</Filter>
    </ClCompile>
    <ClCompile Include="Collidable.cpp" />
    <ClCompile Include="CollisionHelper.cpp" />
    <ClCompile Include="Selector.cpp">
      <Filter>Behaviour Tree</Filter>
    </ClCompile>
    <ClCompile Include="Node.cpp">
      <Filter>Behaviour Tree</Filter>
    </ClCompile>
    <ClCompile Include="BehaviourTree.cpp">
      <Filter>Behaviour Tree</Filter>
    </ClCompile>
    <ClCompile Include="Sequence.cpp">
      <Filter>Behaviour Tree</Filter>
    </ClCompile>
    <ClCompile Include="GoToFuelTask.cpp">
      <Filter>Behaviour Tree</Filter>
    </ClCompile>
    <ClCompile Include="GoToSpeedBoostTask.cpp">
      <Filter>Behaviour Tree</Filter>
    </ClCompile>
    <ClCompile Include="GoToPassengerTask.cpp">
      <Filter>Behaviour Tree</Filter>
    </ClCompile>
    <ClCompile Include="IsDistanceToSpeedBoostToPassengerToFuelWorthIt.cpp">
      <Filter>Behaviour Tree</Filter>
    </ClCompile>
    <ClCompile Include="IsDistanceToPassengerToFuelWorthIt.cpp">
      <Filter>Behaviour Tree</Filter>
    </ClCompile>
    <ClCompile Include="IsDistanceToSpeedBoostToFuelWorthIt.cpp">
      <Filter>Behaviour Tree</Filter>
    </ClCompile>
  </ItemGroup>
  <ItemGroup>
    <ClInclude Include="AIManager.h" />
    <ClInclude Include="PickupItem.h" />
    <ClInclude Include="Vehicle.h" />
    <ClInclude Include="Waypoint.h" />
    <ClInclude Include="DDSTextureLoader.h">
      <Filter>Core %28do not edit%29</Filter>
    </ClInclude>
    <ClInclude Include="Background.h">
      <Filter>Core %28do not edit%29</Filter>
    </ClInclude>
    <CLInclude Include="resource.h">
      <Filter>Core %28do not edit%29</Filter>
    </CLInclude>
    <ClInclude Include="WaypointManager.h" />
    <ClInclude Include="DrawableGameObject.h">
      <Filter>Core %28do not edit%29</Filter>
    </ClInclude>
    <ClInclude Include="main.h">
      <Filter>Core %28do not edit%29</Filter>
    </ClInclude>
    <ClInclude Include="structures.h">
      <Filter>Core %28do not edit%29</Filter>
    </ClInclude>
    <ClInclude Include="Vector2D.h">
      <Filter>Core %28do not edit%29</Filter>
    </ClInclude>
    <ClInclude Include="Collidable.h" />
    <ClInclude Include="constants.h">
      <Filter>Core %28do not edit%29</Filter>
    </ClInclude>
    <ClInclude Include="CollisionHelper.h" />
    <ClInclude Include="Selector.h">
      <Filter>Behaviour Tree</Filter>
    </ClInclude>
    <ClInclude Include="Node.h">
      <Filter>Behaviour Tree</Filter>
    </ClInclude>
    <ClInclude Include="BehaviourTree.h">
      <Filter>Behaviour Tree</Filter>
    </ClInclude>
    <ClInclude Include="Sequence.h">
      <Filter>Behaviour Tree</Filter>
    </ClInclude>
    <ClInclude Include="GoToFuelTask.h">
      <Filter>Behaviour Tree</Filter>
    </ClInclude>
    <ClInclude Include="GoToSpeedBoostTask.h">
      <Filter>Behaviour Tree</Filter>
    </ClInclude>
    <ClInclude Include="GoToPassengerTask.h">
      <Filter>Behaviour Tree</Filter>
    </ClInclude>
    <ClInclude Include="IsDistanceToSpeedBoostToPassengerToFuelWorthIt.h">
      <Filter>Behaviour Tree</Filter>
    </ClInclude>
    <ClInclude Include="IsDistanceToPassengerToFuelWorthIt.h">
      <Filter>Behaviour Tree</Filter>
    </ClInclude>
    <ClInclude Include="IsDistanceToSpeedBoostToFuelWorthIt.h">
      <Filter>Behaviour Tree</Filter>
    </ClInclude>
  </ItemGroup>
  <ItemGroup>
    <Image Include="Resources\blue.dds">
      <Filter>Assets</Filter>
    </Image>
    <Image Include="Resources\car_blue.dds">
      <Filter>Assets</Filter>
    </Image>
    <Image Include="Resources\floor.dds">
      <Filter>Assets</Filter>
    </Image>
    <Image Include="Resources\green.dds">
      <Filter>Assets</Filter>
    </Image>
    <Image Include="Resources\pickup_speedboost.dds">
      <Filter>Assets</Filter>
    </Image>
    <Image Include="Resources\red.dds">
      <Filter>Assets</Filter>
    </Image>
    <Image Include="Resources\yellow.dds">
      <Filter>Assets</Filter>
    </Image>
    <Image Include="Resources\map.dds">
      <Filter>Assets</Filter>
    </Image>
    <Image Include="Resources\car_red.dds">
      <Filter>Assets</Filter>
    </Image>
    <Image Include="Resources\pickup_fuel.dds">
      <Filter>Assets</Filter>
    </Image>
    <Image Include="Resources\pickup_passenger.dds">
      <Filter>Assets</Filter>
    </Image>
  </ItemGroup>
  <ItemGroup>
    <Filter Include="Assets">
      <UniqueIdentifier>{d76346de-be36-4e73-9e20-c041620ff0d1}</UniqueIdentifier>
    </Filter>
    <Filter Include="Core %28do not edit%29">
      <UniqueIdentifier>{c721d74b-61d3-4ae0-9d17-be739d070a1c}</UniqueIdentifier>
    </Filter>
    <Filter Include="Behaviour Tree">
      <UniqueIdentifier>{d63aa0b5-7a68-413f-8f57-5ce2cc32d23d}</UniqueIdentifier>
    </Filter>
  </ItemGroup>
  <ItemGroup>
    <FxCompile Include="shader.fx">
      <Filter>Assets</Filter>
    </FxCompile>
  </ItemGroup>
  <ItemGroup>
    <ResourceCompile Include="AIFramework.rc">
      <Filter>Core %28do not edit%29</Filter>
    </ResourceCompile>
  </ItemGroup>
  <ItemGroup>
    <Text Include="Resources\waypoints.txt">
      <Filter>Assets</Filter>
    </Text>
  </ItemGroup>
</Project>